
Microsoft Visual Studio Solution File, Format Version 12.00
Project("{2150E333-8FDC-42A3-9474-1A3956D46DE8}") = "Processors", "Processors", "{A18E3550-98A2-4ACE-BA84-7029DF67B443}"
EndProject
Project("{FAE04EC0-301F-11D3-BF4B-00C04F79EFBC}") = "Processor.Npm", "Processor.Npm\Processor.Npm.csproj", "{1D3F65E7-586A-43ED-AF6F-FC4D85339EDD}"
EndProject
Project("{FAE04EC0-301F-11D3-BF4B-00C04F79EFBC}") = "Processor.Nuget", "Processor.Nuget\Processor.Nuget.csproj", "{3A37C6E1-EDF4-41EE-8D7F-56F2F7CC8249}"
EndProject
Project("{2150E333-8FDC-42A3-9474-1A3956D46DE8}") = "Collectors", "Collectors", "{9AA32CFD-5F53-42A0-8463-9576C4CDB468}"
EndProject
Project("{FAE04EC0-301F-11D3-BF4B-00C04F79EFBC}") = "Collector.Http", "Collector.Http\Collector.Http.csproj", "{0074BE06-09B4-4704-8DD7-E52ED605D738}"
EndProject
Project("{FAE04EC0-301F-11D3-BF4B-00C04F79EFBC}") = "Collector.Git", "Collector.Git\Collector.Git.csproj", "{9E61A88A-5D16-4DE8-BCB9-007EDE29D93A}"
EndProject
Project("{FAE04EC0-301F-11D3-BF4B-00C04F79EFBC}") = "Collector.Kernel", "Collector.Kernel\Collector.Kernel.csproj", "{2BBFE5C7-0E11-4EBF-AC95-90186DFB2978}"
EndProject
Project("{FAE04EC0-301F-11D3-BF4B-00C04F79EFBC}") = "Core.Kernel", "Core.Kernel\Core.Kernel.csproj", "{62EF99AA-CD3D-4AE0-898C-0D6813BED57D}"
EndProject
Project("{FAE04EC0-301F-11D3-BF4B-00C04F79EFBC}") = "Core.Gateway", "Core.Gateway\Core.Gateway.csproj", "{82CCE986-8484-48DB-96F7-75626DBC0692}"
EndProject
Project("{FAE04EC0-301F-11D3-BF4B-00C04F79EFBC}") = "Core.Infrastructure", "Core.Infrastructure\Core.Infrastructure.csproj", "{7353339D-781E-486B-9FFE-07DFE82C7F96}"
EndProject
Project("{FAE04EC0-301F-11D3-BF4B-00C04F79EFBC}") = "Integration.API", "Integration.API\Integration.API.csproj", "{DA193AFC-630E-4C2D-8D1C-924F27923DF8}"
EndProject
Project("{FAE04EC0-301F-11D3-BF4B-00C04F79EFBC}") = "Core.Services", "Core.Services\Core.Services.csproj", "{F247538C-E5D2-4F45-964F-FB048BD4B2B0}"
EndProject
Project("{FAE04EC0-301F-11D3-BF4B-00C04F79EFBC}") = "Collector.Container", "Collector.Container\Collector.Container.csproj", "{E7FA5B91-D84B-491D-8298-080684AD3AAE}"
EndProject
Project("{2150E333-8FDC-42A3-9474-1A3956D46DE8}") = "Libraries", "Libraries", "{B17B8DEA-9631-422D-B413-F5E280F10318}"
EndProject
Project("{FAE04EC0-301F-11D3-BF4B-00C04F79EFBC}") = "Library.Skopeo", "Library.Skopeo\Library.Skopeo.csproj", "{F2915E5D-5DDF-4692-83C8-4B6B54FFA748}"
EndProject
Project("{FAE04EC0-301F-11D3-BF4B-00C04F79EFBC}") = "Backpack.Tester", "Backpack.Tester\Backpack.Tester.csproj", "{871D279F-F3A6-447F-A6E3-0F7BB74AD3E8}"
EndProject
Project("{FAE04EC0-301F-11D3-BF4B-00C04F79EFBC}") = "Processor.Container", "Processor.Container\Processor.Container.csproj", "{68700140-AE4F-4FA9-AF07-FC54D476A0AC}"
EndProject
Project("{FAE04EC0-301F-11D3-BF4B-00C04F79EFBC}") = "Collector.Router", "Collector.Router\Collector.Router.csproj", "{275827DD-9D7D-4FAA-811A-C0D864DD0516}"
EndProject
Project("{2150E333-8FDC-42A3-9474-1A3956D46DE8}") = "Trackers", "Trackers", "{1C463E88-6718-4CAD-9385-F91AD0EC3358}"
EndProject
Project("{FAE04EC0-301F-11D3-BF4B-00C04F79EFBC}") = "Processor.Helm", "Processor.Helm\Processor.Helm.csproj", "{52DE4FBE-C971-4DC5-BF63-DBBCDB29888F}"
EndProject
Project("{FAE04EC0-301F-11D3-BF4B-00C04F79EFBC}") = "Tracker.Scheduler", "Tracker.Scheduler\Tracker.Scheduler.csproj", "{A1346B26-A9B0-4DB5-90DD-D784AE673098}"
EndProject
Project("{FAE04EC0-301F-11D3-BF4B-00C04F79EFBC}") = "Processor.Maven", "Processor.Maven\Processor.Maven.csproj", "{CD4B687A-5500-4B1E-BEC9-9E8A37F29DD9}"
EndProject
Project("{FAE04EC0-301F-11D3-BF4B-00C04F79EFBC}") = "Processor.Jetbrains.Plugins", "Processor.Jetbrains.Plugins\Processor.Jetbrains.Plugins.csproj", "{8FECDD02-FFA2-44D0-8239-04F53B5FE57F}"
EndProject
Project("{FAE04EC0-301F-11D3-BF4B-00C04F79EFBC}") = "Processor.Pypi", "Processor.Pypi\Processor.Pypi.csproj", "{CA53B921-6205-46E8-9D28-84F04488B0D1}"
EndProject
Project("{FAE04EC0-301F-11D3-BF4B-00C04F79EFBC}") = "Processor.Rancher", "Processor.Rancher\Processor.Rancher.csproj", "{935635E4-56A8-4829-BD02-936A11A53902}"
EndProject
Project("{FAE04EC0-301F-11D3-BF4B-00C04F79EFBC}") = "Processor.Jetbrains.IDE", "Processor.Jetbrains.IDE\Processor.Jetbrains.IDE.csproj", "{9D2FAE15-7D79-4235-8A69-9BE9E245A236}"
EndProject
Project("{FAE04EC0-301F-11D3-BF4B-00C04F79EFBC}") = "Processor.Github.Releases", "Processor.Github.Releases\Processor.Github.Releases.csproj", "{60E2A931-9AE1-4768-A5CB-F55BC3700B60}"
EndProject
Project("{FAE04EC0-301F-11D3-BF4B-00C04F79EFBC}") = "Library.Github", "Library.Github\Library.Github.csproj", "{45215887-7CFC-4E33-8575-DFC56E2EECCF}"
EndProject
Project("{FAE04EC0-301F-11D3-BF4B-00C04F79EFBC}") = "Collector.Rsync", "Collector.Rsync\Collector.Rsync.csproj", "{FD8432E9-E5EC-4547-843E-3557940E8719}"
EndProject
Project("{FAE04EC0-301F-11D3-BF4B-00C04F79EFBC}") = "Collector.Wget", "Collector.Wget\Collector.Wget.csproj", "{BFD6062C-CFD4-4D77-9360-1F77945D7F64}"
EndProject
Project("{FAE04EC0-301F-11D3-BF4B-00C04F79EFBC}") = "Backpack.Toolbox", "Backpack.Toolbox\Backpack.Toolbox.csproj", "{5FC9F180-1E03-4110-9EE9-3301DDC422F0}"
EndProject
Project("{FAE04EC0-301F-11D3-BF4B-00C04F79EFBC}") = "Backpack.GitUnpack", "Backpack.GitUnpack\Backpack.GitUnpack.csproj", "{6C90A3EF-8038-4197-9111-78CF3AF80E8A}"
EndProject
Project("{2150E333-8FDC-42A3-9474-1A3956D46DE8}") = "Core", "Core", "{2F07C6F5-08D7-4CA0-A6DD-E275839E3E73}"
EndProject
Project("{FAE04EC0-301F-11D3-BF4B-00C04F79EFBC}") = "Processor.OperatorHub", "Processor.OperatorHub\Processor.OperatorHub.csproj", "{E1905AFF-D68A-4645-A7E6-840E72664C1D}"
EndProject
Project("{FAE04EC0-301F-11D3-BF4B-00C04F79EFBC}") = "Processor.Php", "Processor.Php\Processor.Php.csproj", "{94F7B9AD-D90F-4144-9AC6-4DE1DA884CE0}"
EndProject
Project("{FAE04EC0-301F-11D3-BF4B-00C04F79EFBC}") = "Collector.DockerArchive", "Collector.DockerArchive\Collector.DockerArchive.csproj", "{2B07095E-8865-43E3-B845-B5F5F1FF2C9A}"
EndProject
Project("{FAE04EC0-301F-11D3-BF4B-00C04F79EFBC}") = "Processor.Terraform", "Processor.Terraform\Processor.Terraform.csproj", "{0DC534A4-1FF6-4959-BD27-12B1FC286B40}"
EndProject
Project("{2150E333-8FDC-42A3-9474-1A3956D46DE8}") = "Integrations", "Integrations", "{81C85873-F52F-4AD8-9DE1-20F38F7C7FEF}"
EndProject
Global
	GlobalSection(SolutionConfigurationPlatforms) = preSolution
		Debug|Any CPU = Debug|Any CPU
		Release|Any CPU = Release|Any CPU
	EndGlobalSection
	GlobalSection(ProjectConfigurationPlatforms) = postSolution
		{1D3F65E7-586A-43ED-AF6F-FC4D85339EDD}.Debug|Any CPU.ActiveCfg = Debug|Any CPU
		{1D3F65E7-586A-43ED-AF6F-FC4D85339EDD}.Debug|Any CPU.Build.0 = Debug|Any CPU
		{1D3F65E7-586A-43ED-AF6F-FC4D85339EDD}.Release|Any CPU.ActiveCfg = Release|Any CPU
		{1D3F65E7-586A-43ED-AF6F-FC4D85339EDD}.Release|Any CPU.Build.0 = Release|Any CPU
		{3A37C6E1-EDF4-41EE-8D7F-56F2F7CC8249}.Debug|Any CPU.ActiveCfg = Debug|Any CPU
		{3A37C6E1-EDF4-41EE-8D7F-56F2F7CC8249}.Debug|Any CPU.Build.0 = Debug|Any CPU
		{3A37C6E1-EDF4-41EE-8D7F-56F2F7CC8249}.Release|Any CPU.ActiveCfg = Release|Any CPU
		{3A37C6E1-EDF4-41EE-8D7F-56F2F7CC8249}.Release|Any CPU.Build.0 = Release|Any CPU
		{0074BE06-09B4-4704-8DD7-E52ED605D738}.Debug|Any CPU.ActiveCfg = Debug|Any CPU
		{0074BE06-09B4-4704-8DD7-E52ED605D738}.Debug|Any CPU.Build.0 = Debug|Any CPU
		{0074BE06-09B4-4704-8DD7-E52ED605D738}.Release|Any CPU.ActiveCfg = Release|Any CPU
		{0074BE06-09B4-4704-8DD7-E52ED605D738}.Release|Any CPU.Build.0 = Release|Any CPU
		{9E61A88A-5D16-4DE8-BCB9-007EDE29D93A}.Debug|Any CPU.ActiveCfg = Debug|Any CPU
		{9E61A88A-5D16-4DE8-BCB9-007EDE29D93A}.Debug|Any CPU.Build.0 = Debug|Any CPU
		{9E61A88A-5D16-4DE8-BCB9-007EDE29D93A}.Release|Any CPU.ActiveCfg = Release|Any CPU
		{9E61A88A-5D16-4DE8-BCB9-007EDE29D93A}.Release|Any CPU.Build.0 = Release|Any CPU
		{2BBFE5C7-0E11-4EBF-AC95-90186DFB2978}.Debug|Any CPU.ActiveCfg = Debug|Any CPU
		{2BBFE5C7-0E11-4EBF-AC95-90186DFB2978}.Debug|Any CPU.Build.0 = Debug|Any CPU
		{2BBFE5C7-0E11-4EBF-AC95-90186DFB2978}.Release|Any CPU.ActiveCfg = Release|Any CPU
		{2BBFE5C7-0E11-4EBF-AC95-90186DFB2978}.Release|Any CPU.Build.0 = Release|Any CPU
		{62EF99AA-CD3D-4AE0-898C-0D6813BED57D}.Debug|Any CPU.ActiveCfg = Debug|Any CPU
		{62EF99AA-CD3D-4AE0-898C-0D6813BED57D}.Debug|Any CPU.Build.0 = Debug|Any CPU
		{62EF99AA-CD3D-4AE0-898C-0D6813BED57D}.Release|Any CPU.ActiveCfg = Release|Any CPU
		{62EF99AA-CD3D-4AE0-898C-0D6813BED57D}.Release|Any CPU.Build.0 = Release|Any CPU
		{82CCE986-8484-48DB-96F7-75626DBC0692}.Debug|Any CPU.ActiveCfg = Debug|Any CPU
		{82CCE986-8484-48DB-96F7-75626DBC0692}.Debug|Any CPU.Build.0 = Debug|Any CPU
		{82CCE986-8484-48DB-96F7-75626DBC0692}.Release|Any CPU.ActiveCfg = Release|Any CPU
		{82CCE986-8484-48DB-96F7-75626DBC0692}.Release|Any CPU.Build.0 = Release|Any CPU
		{7353339D-781E-486B-9FFE-07DFE82C7F96}.Debug|Any CPU.ActiveCfg = Debug|Any CPU
		{7353339D-781E-486B-9FFE-07DFE82C7F96}.Debug|Any CPU.Build.0 = Debug|Any CPU
		{7353339D-781E-486B-9FFE-07DFE82C7F96}.Release|Any CPU.ActiveCfg = Release|Any CPU
		{7353339D-781E-486B-9FFE-07DFE82C7F96}.Release|Any CPU.Build.0 = Release|Any CPU
		{DA193AFC-630E-4C2D-8D1C-924F27923DF8}.Debug|Any CPU.ActiveCfg = Debug|Any CPU
		{DA193AFC-630E-4C2D-8D1C-924F27923DF8}.Debug|Any CPU.Build.0 = Debug|Any CPU
		{DA193AFC-630E-4C2D-8D1C-924F27923DF8}.Release|Any CPU.ActiveCfg = Release|Any CPU
		{DA193AFC-630E-4C2D-8D1C-924F27923DF8}.Release|Any CPU.Build.0 = Release|Any CPU
		{F247538C-E5D2-4F45-964F-FB048BD4B2B0}.Debug|Any CPU.ActiveCfg = Debug|Any CPU
		{F247538C-E5D2-4F45-964F-FB048BD4B2B0}.Debug|Any CPU.Build.0 = Debug|Any CPU
		{F247538C-E5D2-4F45-964F-FB048BD4B2B0}.Release|Any CPU.ActiveCfg = Release|Any CPU
		{F247538C-E5D2-4F45-964F-FB048BD4B2B0}.Release|Any CPU.Build.0 = Release|Any CPU
		{E7FA5B91-D84B-491D-8298-080684AD3AAE}.Debug|Any CPU.ActiveCfg = Debug|Any CPU
		{E7FA5B91-D84B-491D-8298-080684AD3AAE}.Debug|Any CPU.Build.0 = Debug|Any CPU
		{E7FA5B91-D84B-491D-8298-080684AD3AAE}.Release|Any CPU.ActiveCfg = Release|Any CPU
		{E7FA5B91-D84B-491D-8298-080684AD3AAE}.Release|Any CPU.Build.0 = Release|Any CPU
		{F2915E5D-5DDF-4692-83C8-4B6B54FFA748}.Debug|Any CPU.ActiveCfg = Debug|Any CPU
		{F2915E5D-5DDF-4692-83C8-4B6B54FFA748}.Debug|Any CPU.Build.0 = Debug|Any CPU
		{F2915E5D-5DDF-4692-83C8-4B6B54FFA748}.Release|Any CPU.ActiveCfg = Release|Any CPU
		{F2915E5D-5DDF-4692-83C8-4B6B54FFA748}.Release|Any CPU.Build.0 = Release|Any CPU
		{871D279F-F3A6-447F-A6E3-0F7BB74AD3E8}.Debug|Any CPU.ActiveCfg = Debug|Any CPU
		{871D279F-F3A6-447F-A6E3-0F7BB74AD3E8}.Debug|Any CPU.Build.0 = Debug|Any CPU
		{871D279F-F3A6-447F-A6E3-0F7BB74AD3E8}.Release|Any CPU.ActiveCfg = Release|Any CPU
		{871D279F-F3A6-447F-A6E3-0F7BB74AD3E8}.Release|Any CPU.Build.0 = Release|Any CPU
		{68700140-AE4F-4FA9-AF07-FC54D476A0AC}.Debug|Any CPU.ActiveCfg = Debug|Any CPU
		{68700140-AE4F-4FA9-AF07-FC54D476A0AC}.Debug|Any CPU.Build.0 = Debug|Any CPU
		{68700140-AE4F-4FA9-AF07-FC54D476A0AC}.Release|Any CPU.ActiveCfg = Release|Any CPU
		{68700140-AE4F-4FA9-AF07-FC54D476A0AC}.Release|Any CPU.Build.0 = Release|Any CPU
		{275827DD-9D7D-4FAA-811A-C0D864DD0516}.Debug|Any CPU.ActiveCfg = Debug|Any CPU
		{275827DD-9D7D-4FAA-811A-C0D864DD0516}.Debug|Any CPU.Build.0 = Debug|Any CPU
		{275827DD-9D7D-4FAA-811A-C0D864DD0516}.Release|Any CPU.ActiveCfg = Release|Any CPU
		{275827DD-9D7D-4FAA-811A-C0D864DD0516}.Release|Any CPU.Build.0 = Release|Any CPU
		{52DE4FBE-C971-4DC5-BF63-DBBCDB29888F}.Debug|Any CPU.ActiveCfg = Debug|Any CPU
		{52DE4FBE-C971-4DC5-BF63-DBBCDB29888F}.Debug|Any CPU.Build.0 = Debug|Any CPU
		{52DE4FBE-C971-4DC5-BF63-DBBCDB29888F}.Release|Any CPU.ActiveCfg = Release|Any CPU
		{52DE4FBE-C971-4DC5-BF63-DBBCDB29888F}.Release|Any CPU.Build.0 = Release|Any CPU
		{A1346B26-A9B0-4DB5-90DD-D784AE673098}.Debug|Any CPU.ActiveCfg = Debug|Any CPU
		{A1346B26-A9B0-4DB5-90DD-D784AE673098}.Debug|Any CPU.Build.0 = Debug|Any CPU
		{A1346B26-A9B0-4DB5-90DD-D784AE673098}.Release|Any CPU.ActiveCfg = Release|Any CPU
		{A1346B26-A9B0-4DB5-90DD-D784AE673098}.Release|Any CPU.Build.0 = Release|Any CPU
		{CD4B687A-5500-4B1E-BEC9-9E8A37F29DD9}.Debug|Any CPU.ActiveCfg = Debug|Any CPU
		{CD4B687A-5500-4B1E-BEC9-9E8A37F29DD9}.Debug|Any CPU.Build.0 = Debug|Any CPU
		{CD4B687A-5500-4B1E-BEC9-9E8A37F29DD9}.Release|Any CPU.ActiveCfg = Release|Any CPU
		{CD4B687A-5500-4B1E-BEC9-9E8A37F29DD9}.Release|Any CPU.Build.0 = Release|Any CPU
		{8FECDD02-FFA2-44D0-8239-04F53B5FE57F}.Debug|Any CPU.ActiveCfg = Debug|Any CPU
		{8FECDD02-FFA2-44D0-8239-04F53B5FE57F}.Debug|Any CPU.Build.0 = Debug|Any CPU
		{8FECDD02-FFA2-44D0-8239-04F53B5FE57F}.Release|Any CPU.ActiveCfg = Release|Any CPU
		{8FECDD02-FFA2-44D0-8239-04F53B5FE57F}.Release|Any CPU.Build.0 = Release|Any CPU
		{CA53B921-6205-46E8-9D28-84F04488B0D1}.Debug|Any CPU.ActiveCfg = Debug|Any CPU
		{CA53B921-6205-46E8-9D28-84F04488B0D1}.Debug|Any CPU.Build.0 = Debug|Any CPU
		{CA53B921-6205-46E8-9D28-84F04488B0D1}.Release|Any CPU.ActiveCfg = Release|Any CPU
		{CA53B921-6205-46E8-9D28-84F04488B0D1}.Release|Any CPU.Build.0 = Release|Any CPU
		{935635E4-56A8-4829-BD02-936A11A53902}.Debug|Any CPU.ActiveCfg = Debug|Any CPU
		{935635E4-56A8-4829-BD02-936A11A53902}.Debug|Any CPU.Build.0 = Debug|Any CPU
		{935635E4-56A8-4829-BD02-936A11A53902}.Release|Any CPU.ActiveCfg = Release|Any CPU
		{935635E4-56A8-4829-BD02-936A11A53902}.Release|Any CPU.Build.0 = Release|Any CPU
		{9D2FAE15-7D79-4235-8A69-9BE9E245A236}.Debug|Any CPU.ActiveCfg = Debug|Any CPU
		{9D2FAE15-7D79-4235-8A69-9BE9E245A236}.Debug|Any CPU.Build.0 = Debug|Any CPU
		{9D2FAE15-7D79-4235-8A69-9BE9E245A236}.Release|Any CPU.ActiveCfg = Release|Any CPU
		{9D2FAE15-7D79-4235-8A69-9BE9E245A236}.Release|Any CPU.Build.0 = Release|Any CPU
		{60E2A931-9AE1-4768-A5CB-F55BC3700B60}.Debug|Any CPU.ActiveCfg = Debug|Any CPU
		{60E2A931-9AE1-4768-A5CB-F55BC3700B60}.Debug|Any CPU.Build.0 = Debug|Any CPU
		{60E2A931-9AE1-4768-A5CB-F55BC3700B60}.Release|Any CPU.ActiveCfg = Release|Any CPU
		{60E2A931-9AE1-4768-A5CB-F55BC3700B60}.Release|Any CPU.Build.0 = Release|Any CPU
		{45215887-7CFC-4E33-8575-DFC56E2EECCF}.Debug|Any CPU.ActiveCfg = Debug|Any CPU
		{45215887-7CFC-4E33-8575-DFC56E2EECCF}.Debug|Any CPU.Build.0 = Debug|Any CPU
		{45215887-7CFC-4E33-8575-DFC56E2EECCF}.Release|Any CPU.ActiveCfg = Release|Any CPU
		{45215887-7CFC-4E33-8575-DFC56E2EECCF}.Release|Any CPU.Build.0 = Release|Any CPU
		{FD8432E9-E5EC-4547-843E-3557940E8719}.Debug|Any CPU.ActiveCfg = Debug|Any CPU
		{FD8432E9-E5EC-4547-843E-3557940E8719}.Debug|Any CPU.Build.0 = Debug|Any CPU
		{FD8432E9-E5EC-4547-843E-3557940E8719}.Release|Any CPU.ActiveCfg = Release|Any CPU
		{FD8432E9-E5EC-4547-843E-3557940E8719}.Release|Any CPU.Build.0 = Release|Any CPU
		{BFD6062C-CFD4-4D77-9360-1F77945D7F64}.Debug|Any CPU.ActiveCfg = Debug|Any CPU
		{BFD6062C-CFD4-4D77-9360-1F77945D7F64}.Debug|Any CPU.Build.0 = Debug|Any CPU
		{BFD6062C-CFD4-4D77-9360-1F77945D7F64}.Release|Any CPU.ActiveCfg = Release|Any CPU
		{BFD6062C-CFD4-4D77-9360-1F77945D7F64}.Release|Any CPU.Build.0 = Release|Any CPU
		{5FC9F180-1E03-4110-9EE9-3301DDC422F0}.Debug|Any CPU.ActiveCfg = Debug|Any CPU
		{5FC9F180-1E03-4110-9EE9-3301DDC422F0}.Debug|Any CPU.Build.0 = Debug|Any CPU
		{5FC9F180-1E03-4110-9EE9-3301DDC422F0}.Release|Any CPU.ActiveCfg = Release|Any CPU
		{5FC9F180-1E03-4110-9EE9-3301DDC422F0}.Release|Any CPU.Build.0 = Release|Any CPU
		{6C90A3EF-8038-4197-9111-78CF3AF80E8A}.Debug|Any CPU.ActiveCfg = Debug|Any CPU
		{6C90A3EF-8038-4197-9111-78CF3AF80E8A}.Debug|Any CPU.Build.0 = Debug|Any CPU
		{6C90A3EF-8038-4197-9111-78CF3AF80E8A}.Release|Any CPU.ActiveCfg = Release|Any CPU
		{6C90A3EF-8038-4197-9111-78CF3AF80E8A}.Release|Any CPU.Build.0 = Release|Any CPU
		{E1905AFF-D68A-4645-A7E6-840E72664C1D}.Debug|Any CPU.ActiveCfg = Debug|Any CPU
		{E1905AFF-D68A-4645-A7E6-840E72664C1D}.Debug|Any CPU.Build.0 = Debug|Any CPU
		{E1905AFF-D68A-4645-A7E6-840E72664C1D}.Release|Any CPU.ActiveCfg = Release|Any CPU
		{E1905AFF-D68A-4645-A7E6-840E72664C1D}.Release|Any CPU.Build.0 = Release|Any CPU
		{94F7B9AD-D90F-4144-9AC6-4DE1DA884CE0}.Debug|Any CPU.ActiveCfg = Debug|Any CPU
		{94F7B9AD-D90F-4144-9AC6-4DE1DA884CE0}.Debug|Any CPU.Build.0 = Debug|Any CPU
		{94F7B9AD-D90F-4144-9AC6-4DE1DA884CE0}.Release|Any CPU.ActiveCfg = Release|Any CPU
		{94F7B9AD-D90F-4144-9AC6-4DE1DA884CE0}.Release|Any CPU.Build.0 = Release|Any CPU
		{2B07095E-8865-43E3-B845-B5F5F1FF2C9A}.Debug|Any CPU.ActiveCfg = Debug|Any CPU
		{2B07095E-8865-43E3-B845-B5F5F1FF2C9A}.Debug|Any CPU.Build.0 = Debug|Any CPU
		{2B07095E-8865-43E3-B845-B5F5F1FF2C9A}.Release|Any CPU.ActiveCfg = Release|Any CPU
		{2B07095E-8865-43E3-B845-B5F5F1FF2C9A}.Release|Any CPU.Build.0 = Release|Any CPU
		{0DC534A4-1FF6-4959-BD27-12B1FC286B40}.Debug|Any CPU.ActiveCfg = Debug|Any CPU
		{0DC534A4-1FF6-4959-BD27-12B1FC286B40}.Debug|Any CPU.Build.0 = Debug|Any CPU
		{0DC534A4-1FF6-4959-BD27-12B1FC286B40}.Release|Any CPU.ActiveCfg = Release|Any CPU
		{0DC534A4-1FF6-4959-BD27-12B1FC286B40}.Release|Any CPU.Build.0 = Release|Any CPU
	EndGlobalSection
	GlobalSection(NestedProjects) = preSolution
		{1D3F65E7-586A-43ED-AF6F-FC4D85339EDD} = {A18E3550-98A2-4ACE-BA84-7029DF67B443}
		{3A37C6E1-EDF4-41EE-8D7F-56F2F7CC8249} = {A18E3550-98A2-4ACE-BA84-7029DF67B443}
		{0074BE06-09B4-4704-8DD7-E52ED605D738} = {9AA32CFD-5F53-42A0-8463-9576C4CDB468}
		{9E61A88A-5D16-4DE8-BCB9-007EDE29D93A} = {9AA32CFD-5F53-42A0-8463-9576C4CDB468}
		{2BBFE5C7-0E11-4EBF-AC95-90186DFB2978} = {9AA32CFD-5F53-42A0-8463-9576C4CDB468}
		{E7FA5B91-D84B-491D-8298-080684AD3AAE} = {9AA32CFD-5F53-42A0-8463-9576C4CDB468}
		{F2915E5D-5DDF-4692-83C8-4B6B54FFA748} = {B17B8DEA-9631-422D-B413-F5E280F10318}
		{68700140-AE4F-4FA9-AF07-FC54D476A0AC} = {A18E3550-98A2-4ACE-BA84-7029DF67B443}
		{275827DD-9D7D-4FAA-811A-C0D864DD0516} = {9AA32CFD-5F53-42A0-8463-9576C4CDB468}
		{52DE4FBE-C971-4DC5-BF63-DBBCDB29888F} = {A18E3550-98A2-4ACE-BA84-7029DF67B443}
		{CD4B687A-5500-4B1E-BEC9-9E8A37F29DD9} = {A18E3550-98A2-4ACE-BA84-7029DF67B443}
		{8FECDD02-FFA2-44D0-8239-04F53B5FE57F} = {A18E3550-98A2-4ACE-BA84-7029DF67B443}
		{CA53B921-6205-46E8-9D28-84F04488B0D1} = {A18E3550-98A2-4ACE-BA84-7029DF67B443}
		{935635E4-56A8-4829-BD02-936A11A53902} = {A18E3550-98A2-4ACE-BA84-7029DF67B443}
		{9D2FAE15-7D79-4235-8A69-9BE9E245A236} = {A18E3550-98A2-4ACE-BA84-7029DF67B443}
		{60E2A931-9AE1-4768-A5CB-F55BC3700B60} = {A18E3550-98A2-4ACE-BA84-7029DF67B443}
		{45215887-7CFC-4E33-8575-DFC56E2EECCF} = {B17B8DEA-9631-422D-B413-F5E280F10318}
		{FD8432E9-E5EC-4547-843E-3557940E8719} = {9AA32CFD-5F53-42A0-8463-9576C4CDB468}
		{BFD6062C-CFD4-4D77-9360-1F77945D7F64} = {9AA32CFD-5F53-42A0-8463-9576C4CDB468}
		{82CCE986-8484-48DB-96F7-75626DBC0692} = {2F07C6F5-08D7-4CA0-A6DD-E275839E3E73}
		{A1346B26-A9B0-4DB5-90DD-D784AE673098} = {1C463E88-6718-4CAD-9385-F91AD0EC3358}
		{E1905AFF-D68A-4645-A7E6-840E72664C1D} = {A18E3550-98A2-4ACE-BA84-7029DF67B443}
		{94F7B9AD-D90F-4144-9AC6-4DE1DA884CE0} = {A18E3550-98A2-4ACE-BA84-7029DF67B443}
		{2B07095E-8865-43E3-B845-B5F5F1FF2C9A} = {9AA32CFD-5F53-42A0-8463-9576C4CDB468}
		{0DC534A4-1FF6-4959-BD27-12B1FC286B40} = {A18E3550-98A2-4ACE-BA84-7029DF67B443}
		{DA193AFC-630E-4C2D-8D1C-924F27923DF8} = {81C85873-F52F-4AD8-9DE1-20F38F7C7FEF}
		{62EF99AA-CD3D-4AE0-898C-0D6813BED57D} = {2F07C6F5-08D7-4CA0-A6DD-E275839E3E73}
		{F247538C-E5D2-4F45-964F-FB048BD4B2B0} = {2F07C6F5-08D7-4CA0-A6DD-E275839E3E73}
		{7353339D-781E-486B-9FFE-07DFE82C7F96} = {2F07C6F5-08D7-4CA0-A6DD-E275839E3E73}
	EndGlobalSection
EndGlobal
