
Microsoft Visual Studio Solution File, Format Version 12.00
Project("{2150E333-8FDC-42A3-9474-1A3956D46DE8}") = "Processors", "Processors", "{A18E3550-98A2-4ACE-BA84-7029DF67B443}"
EndProject
Project("{FAE04EC0-301F-11D3-BF4B-00C04F79EFBC}") = "APM.Npm", "APM.Npm\APM.Npm.csproj", "{1D3F65E7-586A-43ED-AF6F-FC4D85339EDD}"
EndProject
Project("{FAE04EC0-301F-11D3-BF4B-00C04F79EFBC}") = "APM.Nuget", "APM.Nuget\APM.Nuget.csproj", "{3A37C6E1-EDF4-41EE-8D7F-56F2F7CC8249}"
EndProject
Project("{2150E333-8FDC-42A3-9474-1A3956D46DE8}") = "Collectors", "Collectors", "{9AA32CFD-5F53-42A0-8463-9576C4CDB468}"
EndProject
Project("{FAE04EC0-301F-11D3-BF4B-00C04F79EFBC}") = "ACM.Http", "ACM.Http\ACM.Http.csproj", "{0074BE06-09B4-4704-8DD7-E52ED605D738}"
EndProject
Project("{FAE04EC0-301F-11D3-BF4B-00C04F79EFBC}") = "ACM.Git", "ACM.Git\ACM.Git.csproj", "{9E61A88A-5D16-4DE8-BCB9-007EDE29D93A}"
EndProject
Project("{FAE04EC0-301F-11D3-BF4B-00C04F79EFBC}") = "ACM.Kernel", "ACM.Kernel\ACM.Kernel.csproj", "{2BBFE5C7-0E11-4EBF-AC95-90186DFB2978}"
EndProject
Project("{FAE04EC0-301F-11D3-BF4B-00C04F79EFBC}") = "APC.Kernel", "APC.Kernel\APC.Kernel.csproj", "{62EF99AA-CD3D-4AE0-898C-0D6813BED57D}"
EndProject
Project("{FAE04EC0-301F-11D3-BF4B-00C04F79EFBC}") = "APC.Ingestion", "APC.Ingestion\APC.Ingestion.csproj", "{82CCE986-8484-48DB-96F7-75626DBC0692}"
EndProject
Project("{FAE04EC0-301F-11D3-BF4B-00C04F79EFBC}") = "APC.Infrastructure", "APC.Infrastructure\APC.Infrastructure.csproj", "{7353339D-781E-486B-9FFE-07DFE82C7F96}"
EndProject
Project("{FAE04EC0-301F-11D3-BF4B-00C04F79EFBC}") = "APC.API", "APC.API\APC.API.csproj", "{DA193AFC-630E-4C2D-8D1C-924F27923DF8}"
EndProject
Global
	GlobalSection(SolutionConfigurationPlatforms) = preSolution
		Debug|Any CPU = Debug|Any CPU
		Release|Any CPU = Release|Any CPU
	EndGlobalSection
	GlobalSection(ProjectConfigurationPlatforms) = postSolution
		{1D3F65E7-586A-43ED-AF6F-FC4D85339EDD}.Debug|Any CPU.ActiveCfg = Debug|Any CPU
		{1D3F65E7-586A-43ED-AF6F-FC4D85339EDD}.Debug|Any CPU.Build.0 = Debug|Any CPU
		{1D3F65E7-586A-43ED-AF6F-FC4D85339EDD}.Release|Any CPU.ActiveCfg = Release|Any CPU
		{1D3F65E7-586A-43ED-AF6F-FC4D85339EDD}.Release|Any CPU.Build.0 = Release|Any CPU
		{3A37C6E1-EDF4-41EE-8D7F-56F2F7CC8249}.Debug|Any CPU.ActiveCfg = Debug|Any CPU
		{3A37C6E1-EDF4-41EE-8D7F-56F2F7CC8249}.Debug|Any CPU.Build.0 = Debug|Any CPU
		{3A37C6E1-EDF4-41EE-8D7F-56F2F7CC8249}.Release|Any CPU.ActiveCfg = Release|Any CPU
		{3A37C6E1-EDF4-41EE-8D7F-56F2F7CC8249}.Release|Any CPU.Build.0 = Release|Any CPU
		{0074BE06-09B4-4704-8DD7-E52ED605D738}.Debug|Any CPU.ActiveCfg = Debug|Any CPU
		{0074BE06-09B4-4704-8DD7-E52ED605D738}.Debug|Any CPU.Build.0 = Debug|Any CPU
		{0074BE06-09B4-4704-8DD7-E52ED605D738}.Release|Any CPU.ActiveCfg = Release|Any CPU
		{0074BE06-09B4-4704-8DD7-E52ED605D738}.Release|Any CPU.Build.0 = Release|Any CPU
		{9E61A88A-5D16-4DE8-BCB9-007EDE29D93A}.Debug|Any CPU.ActiveCfg = Debug|Any CPU
		{9E61A88A-5D16-4DE8-BCB9-007EDE29D93A}.Debug|Any CPU.Build.0 = Debug|Any CPU
		{9E61A88A-5D16-4DE8-BCB9-007EDE29D93A}.Release|Any CPU.ActiveCfg = Release|Any CPU
		{9E61A88A-5D16-4DE8-BCB9-007EDE29D93A}.Release|Any CPU.Build.0 = Release|Any CPU
		{2BBFE5C7-0E11-4EBF-AC95-90186DFB2978}.Debug|Any CPU.ActiveCfg = Debug|Any CPU
		{2BBFE5C7-0E11-4EBF-AC95-90186DFB2978}.Debug|Any CPU.Build.0 = Debug|Any CPU
		{2BBFE5C7-0E11-4EBF-AC95-90186DFB2978}.Release|Any CPU.ActiveCfg = Release|Any CPU
		{2BBFE5C7-0E11-4EBF-AC95-90186DFB2978}.Release|Any CPU.Build.0 = Release|Any CPU
		{62EF99AA-CD3D-4AE0-898C-0D6813BED57D}.Debug|Any CPU.ActiveCfg = Debug|Any CPU
		{62EF99AA-CD3D-4AE0-898C-0D6813BED57D}.Debug|Any CPU.Build.0 = Debug|Any CPU
		{62EF99AA-CD3D-4AE0-898C-0D6813BED57D}.Release|Any CPU.ActiveCfg = Release|Any CPU
		{62EF99AA-CD3D-4AE0-898C-0D6813BED57D}.Release|Any CPU.Build.0 = Release|Any CPU
		{82CCE986-8484-48DB-96F7-75626DBC0692}.Debug|Any CPU.ActiveCfg = Debug|Any CPU
		{82CCE986-8484-48DB-96F7-75626DBC0692}.Debug|Any CPU.Build.0 = Debug|Any CPU
		{82CCE986-8484-48DB-96F7-75626DBC0692}.Release|Any CPU.ActiveCfg = Release|Any CPU
		{82CCE986-8484-48DB-96F7-75626DBC0692}.Release|Any CPU.Build.0 = Release|Any CPU
		{7353339D-781E-486B-9FFE-07DFE82C7F96}.Debug|Any CPU.ActiveCfg = Debug|Any CPU
		{7353339D-781E-486B-9FFE-07DFE82C7F96}.Debug|Any CPU.Build.0 = Debug|Any CPU
		{7353339D-781E-486B-9FFE-07DFE82C7F96}.Release|Any CPU.ActiveCfg = Release|Any CPU
		{7353339D-781E-486B-9FFE-07DFE82C7F96}.Release|Any CPU.Build.0 = Release|Any CPU
		{DA193AFC-630E-4C2D-8D1C-924F27923DF8}.Debug|Any CPU.ActiveCfg = Debug|Any CPU
		{DA193AFC-630E-4C2D-8D1C-924F27923DF8}.Debug|Any CPU.Build.0 = Debug|Any CPU
		{DA193AFC-630E-4C2D-8D1C-924F27923DF8}.Release|Any CPU.ActiveCfg = Release|Any CPU
		{DA193AFC-630E-4C2D-8D1C-924F27923DF8}.Release|Any CPU.Build.0 = Release|Any CPU
	EndGlobalSection
	GlobalSection(NestedProjects) = preSolution
		{1D3F65E7-586A-43ED-AF6F-FC4D85339EDD} = {A18E3550-98A2-4ACE-BA84-7029DF67B443}
		{3A37C6E1-EDF4-41EE-8D7F-56F2F7CC8249} = {A18E3550-98A2-4ACE-BA84-7029DF67B443}
		{0074BE06-09B4-4704-8DD7-E52ED605D738} = {9AA32CFD-5F53-42A0-8463-9576C4CDB468}
		{9E61A88A-5D16-4DE8-BCB9-007EDE29D93A} = {9AA32CFD-5F53-42A0-8463-9576C4CDB468}
		{2BBFE5C7-0E11-4EBF-AC95-90186DFB2978} = {9AA32CFD-5F53-42A0-8463-9576C4CDB468}
	EndGlobalSection
EndGlobal
