
Microsoft Visual Studio Solution File, Format Version 12.00
Project("{2150E333-8FDC-42A3-9474-1A3956D46DE8}") = "Processors", "Processors", "{A18E3550-98A2-4ACE-BA84-7029DF67B443}"
EndProject
Project("{FAE04EC0-301F-11D3-BF4B-00C04F79EFBC}") = "APM.Npm", "APM.Npm\APM.Npm.csproj", "{1D3F65E7-586A-43ED-AF6F-FC4D85339EDD}"
EndProject
Project("{FAE04EC0-301F-11D3-BF4B-00C04F79EFBC}") = "APM.Nuget", "APM.Nuget\APM.Nuget.csproj", "{3A37C6E1-EDF4-41EE-8D7F-56F2F7CC8249}"
EndProject
Project("{2150E333-8FDC-42A3-9474-1A3956D46DE8}") = "Collectors", "Collectors", "{9AA32CFD-5F53-42A0-8463-9576C4CDB468}"
EndProject
Project("{FAE04EC0-301F-11D3-BF4B-00C04F79EFBC}") = "ACM.Http", "ACM.Http\ACM.Http.csproj", "{0074BE06-09B4-4704-8DD7-E52ED605D738}"
EndProject
Project("{FAE04EC0-301F-11D3-BF4B-00C04F79EFBC}") = "ACM.Git", "ACM.Git\ACM.Git.csproj", "{9E61A88A-5D16-4DE8-BCB9-007EDE29D93A}"
EndProject
Project("{FAE04EC0-301F-11D3-BF4B-00C04F79EFBC}") = "ACM.Kernel", "ACM.Kernel\ACM.Kernel.csproj", "{2BBFE5C7-0E11-4EBF-AC95-90186DFB2978}"
EndProject
Project("{FAE04EC0-301F-11D3-BF4B-00C04F79EFBC}") = "APC.Kernel", "APC.Kernel\APC.Kernel.csproj", "{62EF99AA-CD3D-4AE0-898C-0D6813BED57D}"
EndProject
Project("{FAE04EC0-301F-11D3-BF4B-00C04F79EFBC}") = "APC.Ingestion", "APC.Ingestion\APC.Ingestion.csproj", "{82CCE986-8484-48DB-96F7-75626DBC0692}"
EndProject
Project("{FAE04EC0-301F-11D3-BF4B-00C04F79EFBC}") = "APC.Infrastructure", "APC.Infrastructure\APC.Infrastructure.csproj", "{7353339D-781E-486B-9FFE-07DFE82C7F96}"
EndProject
Project("{FAE04EC0-301F-11D3-BF4B-00C04F79EFBC}") = "APC.API", "APC.API\APC.API.csproj", "{DA193AFC-630E-4C2D-8D1C-924F27923DF8}"
EndProject
Project("{FAE04EC0-301F-11D3-BF4B-00C04F79EFBC}") = "APC.Services", "APC.Services\APC.Services.csproj", "{F247538C-E5D2-4F45-964F-FB048BD4B2B0}"
EndProject
Project("{FAE04EC0-301F-11D3-BF4B-00C04F79EFBC}") = "ACM.Container", "ACM.Container\ACM.Container.csproj", "{E7FA5B91-D84B-491D-8298-080684AD3AAE}"
EndProject
Project("{2150E333-8FDC-42A3-9474-1A3956D46DE8}") = "Libraries", "Libraries", "{B17B8DEA-9631-422D-B413-F5E280F10318}"
EndProject
Project("{FAE04EC0-301F-11D3-BF4B-00C04F79EFBC}") = "APC.Skopeo", "APC.Skopeo\APC.Skopeo.csproj", "{F2915E5D-5DDF-4692-83C8-4B6B54FFA748}"
EndProject
Project("{FAE04EC0-301F-11D3-BF4B-00C04F79EFBC}") = "APC.Tester", "APC.Tester\APC.Tester.csproj", "{871D279F-F3A6-447F-A6E3-0F7BB74AD3E8}"
EndProject
Project("{FAE04EC0-301F-11D3-BF4B-00C04F79EFBC}") = "APM.Container", "APM.Container\APM.Container.csproj", "{68700140-AE4F-4FA9-AF07-FC54D476A0AC}"
EndProject
Project("{FAE04EC0-301F-11D3-BF4B-00C04F79EFBC}") = "ACM.Router", "ACM.Router\ACM.Router.csproj", "{275827DD-9D7D-4FAA-811A-C0D864DD0516}"
EndProject
Project("{2150E333-8FDC-42A3-9474-1A3956D46DE8}") = "Trackers", "Trackers", "{1C463E88-6718-4CAD-9385-F91AD0EC3358}"
EndProject
Project("{FAE04EC0-301F-11D3-BF4B-00C04F79EFBC}") = "APM.Helm", "APM.Helm\APM.Helm.csproj", "{52DE4FBE-C971-4DC5-BF63-DBBCDB29888F}"
EndProject
Project("{FAE04EC0-301F-11D3-BF4B-00C04F79EFBC}") = "APC.Scheduler", "APC.Scheduler\APC.Scheduler.csproj", "{A1346B26-A9B0-4DB5-90DD-D784AE673098}"
EndProject
Project("{FAE04EC0-301F-11D3-BF4B-00C04F79EFBC}") = "APM.Maven", "APM.Maven\APM.Maven.csproj", "{CD4B687A-5500-4B1E-BEC9-9E8A37F29DD9}"
EndProject
Project("{FAE04EC0-301F-11D3-BF4B-00C04F79EFBC}") = "APM.Jetbrains", "APM.Jetbrains\APM.Jetbrains.csproj", "{8FECDD02-FFA2-44D0-8239-04F53B5FE57F}"
EndProject
Project("{FAE04EC0-301F-11D3-BF4B-00C04F79EFBC}") = "APM.Pypi", "APM.Pypi\APM.Pypi.csproj", "{CA53B921-6205-46E8-9D28-84F04488B0D1}"
EndProject
Project("{FAE04EC0-301F-11D3-BF4B-00C04F79EFBC}") = "APM.Rancher", "APM.Rancher\APM.Rancher.csproj", "{935635E4-56A8-4829-BD02-936A11A53902}"
EndProject
Global
	GlobalSection(SolutionConfigurationPlatforms) = preSolution
		Debug|Any CPU = Debug|Any CPU
		Release|Any CPU = Release|Any CPU
	EndGlobalSection
	GlobalSection(ProjectConfigurationPlatforms) = postSolution
		{1D3F65E7-586A-43ED-AF6F-FC4D85339EDD}.Debug|Any CPU.ActiveCfg = Debug|Any CPU
		{1D3F65E7-586A-43ED-AF6F-FC4D85339EDD}.Debug|Any CPU.Build.0 = Debug|Any CPU
		{1D3F65E7-586A-43ED-AF6F-FC4D85339EDD}.Release|Any CPU.ActiveCfg = Release|Any CPU
		{1D3F65E7-586A-43ED-AF6F-FC4D85339EDD}.Release|Any CPU.Build.0 = Release|Any CPU
		{3A37C6E1-EDF4-41EE-8D7F-56F2F7CC8249}.Debug|Any CPU.ActiveCfg = Debug|Any CPU
		{3A37C6E1-EDF4-41EE-8D7F-56F2F7CC8249}.Debug|Any CPU.Build.0 = Debug|Any CPU
		{3A37C6E1-EDF4-41EE-8D7F-56F2F7CC8249}.Release|Any CPU.ActiveCfg = Release|Any CPU
		{3A37C6E1-EDF4-41EE-8D7F-56F2F7CC8249}.Release|Any CPU.Build.0 = Release|Any CPU
		{0074BE06-09B4-4704-8DD7-E52ED605D738}.Debug|Any CPU.ActiveCfg = Debug|Any CPU
		{0074BE06-09B4-4704-8DD7-E52ED605D738}.Debug|Any CPU.Build.0 = Debug|Any CPU
		{0074BE06-09B4-4704-8DD7-E52ED605D738}.Release|Any CPU.ActiveCfg = Release|Any CPU
		{0074BE06-09B4-4704-8DD7-E52ED605D738}.Release|Any CPU.Build.0 = Release|Any CPU
		{9E61A88A-5D16-4DE8-BCB9-007EDE29D93A}.Debug|Any CPU.ActiveCfg = Debug|Any CPU
		{9E61A88A-5D16-4DE8-BCB9-007EDE29D93A}.Debug|Any CPU.Build.0 = Debug|Any CPU
		{9E61A88A-5D16-4DE8-BCB9-007EDE29D93A}.Release|Any CPU.ActiveCfg = Release|Any CPU
		{9E61A88A-5D16-4DE8-BCB9-007EDE29D93A}.Release|Any CPU.Build.0 = Release|Any CPU
		{2BBFE5C7-0E11-4EBF-AC95-90186DFB2978}.Debug|Any CPU.ActiveCfg = Debug|Any CPU
		{2BBFE5C7-0E11-4EBF-AC95-90186DFB2978}.Debug|Any CPU.Build.0 = Debug|Any CPU
		{2BBFE5C7-0E11-4EBF-AC95-90186DFB2978}.Release|Any CPU.ActiveCfg = Release|Any CPU
		{2BBFE5C7-0E11-4EBF-AC95-90186DFB2978}.Release|Any CPU.Build.0 = Release|Any CPU
		{62EF99AA-CD3D-4AE0-898C-0D6813BED57D}.Debug|Any CPU.ActiveCfg = Debug|Any CPU
		{62EF99AA-CD3D-4AE0-898C-0D6813BED57D}.Debug|Any CPU.Build.0 = Debug|Any CPU
		{62EF99AA-CD3D-4AE0-898C-0D6813BED57D}.Release|Any CPU.ActiveCfg = Release|Any CPU
		{62EF99AA-CD3D-4AE0-898C-0D6813BED57D}.Release|Any CPU.Build.0 = Release|Any CPU
		{82CCE986-8484-48DB-96F7-75626DBC0692}.Debug|Any CPU.ActiveCfg = Debug|Any CPU
		{82CCE986-8484-48DB-96F7-75626DBC0692}.Debug|Any CPU.Build.0 = Debug|Any CPU
		{82CCE986-8484-48DB-96F7-75626DBC0692}.Release|Any CPU.ActiveCfg = Release|Any CPU
		{82CCE986-8484-48DB-96F7-75626DBC0692}.Release|Any CPU.Build.0 = Release|Any CPU
		{7353339D-781E-486B-9FFE-07DFE82C7F96}.Debug|Any CPU.ActiveCfg = Debug|Any CPU
		{7353339D-781E-486B-9FFE-07DFE82C7F96}.Debug|Any CPU.Build.0 = Debug|Any CPU
		{7353339D-781E-486B-9FFE-07DFE82C7F96}.Release|Any CPU.ActiveCfg = Release|Any CPU
		{7353339D-781E-486B-9FFE-07DFE82C7F96}.Release|Any CPU.Build.0 = Release|Any CPU
		{DA193AFC-630E-4C2D-8D1C-924F27923DF8}.Debug|Any CPU.ActiveCfg = Debug|Any CPU
		{DA193AFC-630E-4C2D-8D1C-924F27923DF8}.Debug|Any CPU.Build.0 = Debug|Any CPU
		{DA193AFC-630E-4C2D-8D1C-924F27923DF8}.Release|Any CPU.ActiveCfg = Release|Any CPU
		{DA193AFC-630E-4C2D-8D1C-924F27923DF8}.Release|Any CPU.Build.0 = Release|Any CPU
		{F247538C-E5D2-4F45-964F-FB048BD4B2B0}.Debug|Any CPU.ActiveCfg = Debug|Any CPU
		{F247538C-E5D2-4F45-964F-FB048BD4B2B0}.Debug|Any CPU.Build.0 = Debug|Any CPU
		{F247538C-E5D2-4F45-964F-FB048BD4B2B0}.Release|Any CPU.ActiveCfg = Release|Any CPU
		{F247538C-E5D2-4F45-964F-FB048BD4B2B0}.Release|Any CPU.Build.0 = Release|Any CPU
		{E7FA5B91-D84B-491D-8298-080684AD3AAE}.Debug|Any CPU.ActiveCfg = Debug|Any CPU
		{E7FA5B91-D84B-491D-8298-080684AD3AAE}.Debug|Any CPU.Build.0 = Debug|Any CPU
		{E7FA5B91-D84B-491D-8298-080684AD3AAE}.Release|Any CPU.ActiveCfg = Release|Any CPU
		{E7FA5B91-D84B-491D-8298-080684AD3AAE}.Release|Any CPU.Build.0 = Release|Any CPU
		{F2915E5D-5DDF-4692-83C8-4B6B54FFA748}.Debug|Any CPU.ActiveCfg = Debug|Any CPU
		{F2915E5D-5DDF-4692-83C8-4B6B54FFA748}.Debug|Any CPU.Build.0 = Debug|Any CPU
		{F2915E5D-5DDF-4692-83C8-4B6B54FFA748}.Release|Any CPU.ActiveCfg = Release|Any CPU
		{F2915E5D-5DDF-4692-83C8-4B6B54FFA748}.Release|Any CPU.Build.0 = Release|Any CPU
		{871D279F-F3A6-447F-A6E3-0F7BB74AD3E8}.Debug|Any CPU.ActiveCfg = Debug|Any CPU
		{871D279F-F3A6-447F-A6E3-0F7BB74AD3E8}.Debug|Any CPU.Build.0 = Debug|Any CPU
		{871D279F-F3A6-447F-A6E3-0F7BB74AD3E8}.Release|Any CPU.ActiveCfg = Release|Any CPU
		{871D279F-F3A6-447F-A6E3-0F7BB74AD3E8}.Release|Any CPU.Build.0 = Release|Any CPU
		{68700140-AE4F-4FA9-AF07-FC54D476A0AC}.Debug|Any CPU.ActiveCfg = Debug|Any CPU
		{68700140-AE4F-4FA9-AF07-FC54D476A0AC}.Debug|Any CPU.Build.0 = Debug|Any CPU
		{68700140-AE4F-4FA9-AF07-FC54D476A0AC}.Release|Any CPU.ActiveCfg = Release|Any CPU
		{68700140-AE4F-4FA9-AF07-FC54D476A0AC}.Release|Any CPU.Build.0 = Release|Any CPU
		{275827DD-9D7D-4FAA-811A-C0D864DD0516}.Debug|Any CPU.ActiveCfg = Debug|Any CPU
		{275827DD-9D7D-4FAA-811A-C0D864DD0516}.Debug|Any CPU.Build.0 = Debug|Any CPU
		{275827DD-9D7D-4FAA-811A-C0D864DD0516}.Release|Any CPU.ActiveCfg = Release|Any CPU
		{275827DD-9D7D-4FAA-811A-C0D864DD0516}.Release|Any CPU.Build.0 = Release|Any CPU
		{52DE4FBE-C971-4DC5-BF63-DBBCDB29888F}.Debug|Any CPU.ActiveCfg = Debug|Any CPU
		{52DE4FBE-C971-4DC5-BF63-DBBCDB29888F}.Debug|Any CPU.Build.0 = Debug|Any CPU
		{52DE4FBE-C971-4DC5-BF63-DBBCDB29888F}.Release|Any CPU.ActiveCfg = Release|Any CPU
		{52DE4FBE-C971-4DC5-BF63-DBBCDB29888F}.Release|Any CPU.Build.0 = Release|Any CPU
		{A1346B26-A9B0-4DB5-90DD-D784AE673098}.Debug|Any CPU.ActiveCfg = Debug|Any CPU
		{A1346B26-A9B0-4DB5-90DD-D784AE673098}.Debug|Any CPU.Build.0 = Debug|Any CPU
		{A1346B26-A9B0-4DB5-90DD-D784AE673098}.Release|Any CPU.ActiveCfg = Release|Any CPU
		{A1346B26-A9B0-4DB5-90DD-D784AE673098}.Release|Any CPU.Build.0 = Release|Any CPU
		{CD4B687A-5500-4B1E-BEC9-9E8A37F29DD9}.Debug|Any CPU.ActiveCfg = Debug|Any CPU
		{CD4B687A-5500-4B1E-BEC9-9E8A37F29DD9}.Debug|Any CPU.Build.0 = Debug|Any CPU
		{CD4B687A-5500-4B1E-BEC9-9E8A37F29DD9}.Release|Any CPU.ActiveCfg = Release|Any CPU
		{CD4B687A-5500-4B1E-BEC9-9E8A37F29DD9}.Release|Any CPU.Build.0 = Release|Any CPU
		{8FECDD02-FFA2-44D0-8239-04F53B5FE57F}.Debug|Any CPU.ActiveCfg = Debug|Any CPU
		{8FECDD02-FFA2-44D0-8239-04F53B5FE57F}.Debug|Any CPU.Build.0 = Debug|Any CPU
		{8FECDD02-FFA2-44D0-8239-04F53B5FE57F}.Release|Any CPU.ActiveCfg = Release|Any CPU
		{8FECDD02-FFA2-44D0-8239-04F53B5FE57F}.Release|Any CPU.Build.0 = Release|Any CPU
		{CA53B921-6205-46E8-9D28-84F04488B0D1}.Debug|Any CPU.ActiveCfg = Debug|Any CPU
		{CA53B921-6205-46E8-9D28-84F04488B0D1}.Debug|Any CPU.Build.0 = Debug|Any CPU
		{CA53B921-6205-46E8-9D28-84F04488B0D1}.Release|Any CPU.ActiveCfg = Release|Any CPU
		{CA53B921-6205-46E8-9D28-84F04488B0D1}.Release|Any CPU.Build.0 = Release|Any CPU
		{935635E4-56A8-4829-BD02-936A11A53902}.Debug|Any CPU.ActiveCfg = Debug|Any CPU
		{935635E4-56A8-4829-BD02-936A11A53902}.Debug|Any CPU.Build.0 = Debug|Any CPU
		{935635E4-56A8-4829-BD02-936A11A53902}.Release|Any CPU.ActiveCfg = Release|Any CPU
		{935635E4-56A8-4829-BD02-936A11A53902}.Release|Any CPU.Build.0 = Release|Any CPU
	EndGlobalSection
	GlobalSection(NestedProjects) = preSolution
		{1D3F65E7-586A-43ED-AF6F-FC4D85339EDD} = {A18E3550-98A2-4ACE-BA84-7029DF67B443}
		{3A37C6E1-EDF4-41EE-8D7F-56F2F7CC8249} = {A18E3550-98A2-4ACE-BA84-7029DF67B443}
		{0074BE06-09B4-4704-8DD7-E52ED605D738} = {9AA32CFD-5F53-42A0-8463-9576C4CDB468}
		{9E61A88A-5D16-4DE8-BCB9-007EDE29D93A} = {9AA32CFD-5F53-42A0-8463-9576C4CDB468}
		{2BBFE5C7-0E11-4EBF-AC95-90186DFB2978} = {9AA32CFD-5F53-42A0-8463-9576C4CDB468}
		{E7FA5B91-D84B-491D-8298-080684AD3AAE} = {9AA32CFD-5F53-42A0-8463-9576C4CDB468}
		{F2915E5D-5DDF-4692-83C8-4B6B54FFA748} = {B17B8DEA-9631-422D-B413-F5E280F10318}
		{68700140-AE4F-4FA9-AF07-FC54D476A0AC} = {A18E3550-98A2-4ACE-BA84-7029DF67B443}
		{275827DD-9D7D-4FAA-811A-C0D864DD0516} = {9AA32CFD-5F53-42A0-8463-9576C4CDB468}
		{62EF99AA-CD3D-4AE0-898C-0D6813BED57D} = {B17B8DEA-9631-422D-B413-F5E280F10318}
		{7353339D-781E-486B-9FFE-07DFE82C7F96} = {B17B8DEA-9631-422D-B413-F5E280F10318}
		{F247538C-E5D2-4F45-964F-FB048BD4B2B0} = {B17B8DEA-9631-422D-B413-F5E280F10318}
		{52DE4FBE-C971-4DC5-BF63-DBBCDB29888F} = {A18E3550-98A2-4ACE-BA84-7029DF67B443}
		{CD4B687A-5500-4B1E-BEC9-9E8A37F29DD9} = {A18E3550-98A2-4ACE-BA84-7029DF67B443}
		{8FECDD02-FFA2-44D0-8239-04F53B5FE57F} = {A18E3550-98A2-4ACE-BA84-7029DF67B443}
		{CA53B921-6205-46E8-9D28-84F04488B0D1} = {A18E3550-98A2-4ACE-BA84-7029DF67B443}
		{935635E4-56A8-4829-BD02-936A11A53902} = {A18E3550-98A2-4ACE-BA84-7029DF67B443}
	EndGlobalSection
EndGlobal
